// !$*UTF8*$!
{
	archiveVersion = 1;
	classes = {
	};
	objectVersion = 56;
	objects = {

/* Begin PBXBuildFile section */
		161FFE502B8068ED0039627C /* GoogleService-Info.plist in Resources */ = {isa = PBXBuildFile; fileRef = 161FFE4F2B8068ED0039627C /* GoogleService-Info.plist */; };
		161FFE532B806B010039627C /* FirebaseAnalytics in Frameworks */ = {isa = PBXBuildFile; productRef = 161FFE522B806B010039627C /* FirebaseAnalytics */; };
		161FFE552B806B010039627C /* FirebaseAnalyticsOnDeviceConversion in Frameworks */ = {isa = PBXBuildFile; productRef = 161FFE542B806B010039627C /* FirebaseAnalyticsOnDeviceConversion */; };
		161FFE572B806B010039627C /* FirebaseAnalyticsSwift in Frameworks */ = {isa = PBXBuildFile; productRef = 161FFE562B806B010039627C /* FirebaseAnalyticsSwift */; };
		161FFE592B806B010039627C /* FirebaseAnalyticsWithoutAdIdSupport in Frameworks */ = {isa = PBXBuildFile; productRef = 161FFE582B806B010039627C /* FirebaseAnalyticsWithoutAdIdSupport */; };
		161FFE5B2B806B010039627C /* FirebaseAppCheck in Frameworks */ = {isa = PBXBuildFile; productRef = 161FFE5A2B806B010039627C /* FirebaseAppCheck */; };
		161FFE5D2B806B010039627C /* FirebaseAppDistribution-Beta in Frameworks */ = {isa = PBXBuildFile; productRef = 161FFE5C2B806B010039627C /* FirebaseAppDistribution-Beta */; };
		161FFE5F2B806B010039627C /* FirebaseAuth in Frameworks */ = {isa = PBXBuildFile; productRef = 161FFE5E2B806B010039627C /* FirebaseAuth */; };
		161FFE612B806B010039627C /* FirebaseAuthCombine-Community in Frameworks */ = {isa = PBXBuildFile; productRef = 161FFE602B806B010039627C /* FirebaseAuthCombine-Community */; };
		161FFE632B806B010039627C /* FirebaseCrashlytics in Frameworks */ = {isa = PBXBuildFile; productRef = 161FFE622B806B010039627C /* FirebaseCrashlytics */; };
		161FFE652B806B010039627C /* FirebaseDatabase in Frameworks */ = {isa = PBXBuildFile; productRef = 161FFE642B806B010039627C /* FirebaseDatabase */; };
		161FFE672B806B010039627C /* FirebaseDatabaseSwift in Frameworks */ = {isa = PBXBuildFile; productRef = 161FFE662B806B010039627C /* FirebaseDatabaseSwift */; };
		161FFE692B806B010039627C /* FirebaseDynamicLinks in Frameworks */ = {isa = PBXBuildFile; productRef = 161FFE682B806B010039627C /* FirebaseDynamicLinks */; };
		161FFE6B2B806B010039627C /* FirebaseFirestore in Frameworks */ = {isa = PBXBuildFile; productRef = 161FFE6A2B806B010039627C /* FirebaseFirestore */; };
		161FFE6D2B806B010039627C /* FirebaseFirestoreCombine-Community in Frameworks */ = {isa = PBXBuildFile; productRef = 161FFE6C2B806B010039627C /* FirebaseFirestoreCombine-Community */; };
		161FFE6F2B806B010039627C /* FirebaseFirestoreSwift in Frameworks */ = {isa = PBXBuildFile; productRef = 161FFE6E2B806B010039627C /* FirebaseFirestoreSwift */; };
		161FFE712B806B010039627C /* FirebaseFunctions in Frameworks */ = {isa = PBXBuildFile; productRef = 161FFE702B806B010039627C /* FirebaseFunctions */; };
		161FFE732B806B010039627C /* FirebaseFunctionsCombine-Community in Frameworks */ = {isa = PBXBuildFile; productRef = 161FFE722B806B010039627C /* FirebaseFunctionsCombine-Community */; };
		161FFE752B806B010039627C /* FirebaseInAppMessaging-Beta in Frameworks */ = {isa = PBXBuildFile; productRef = 161FFE742B806B010039627C /* FirebaseInAppMessaging-Beta */; };
		161FFE772B806B010039627C /* FirebaseInAppMessagingSwift-Beta in Frameworks */ = {isa = PBXBuildFile; productRef = 161FFE762B806B010039627C /* FirebaseInAppMessagingSwift-Beta */; };
		161FFE792B806B010039627C /* FirebaseInstallations in Frameworks */ = {isa = PBXBuildFile; productRef = 161FFE782B806B010039627C /* FirebaseInstallations */; };
		161FFE7B2B806B010039627C /* FirebaseMLModelDownloader in Frameworks */ = {isa = PBXBuildFile; productRef = 161FFE7A2B806B010039627C /* FirebaseMLModelDownloader */; };
		161FFE7D2B806B010039627C /* FirebaseMessaging in Frameworks */ = {isa = PBXBuildFile; productRef = 161FFE7C2B806B010039627C /* FirebaseMessaging */; };
		161FFE7F2B806B010039627C /* FirebasePerformance in Frameworks */ = {isa = PBXBuildFile; productRef = 161FFE7E2B806B010039627C /* FirebasePerformance */; };
		161FFE812B806B010039627C /* FirebaseRemoteConfig in Frameworks */ = {isa = PBXBuildFile; productRef = 161FFE802B806B010039627C /* FirebaseRemoteConfig */; };
		161FFE832B806B010039627C /* FirebaseRemoteConfigSwift in Frameworks */ = {isa = PBXBuildFile; productRef = 161FFE822B806B010039627C /* FirebaseRemoteConfigSwift */; };
		161FFE852B806B010039627C /* FirebaseStorage in Frameworks */ = {isa = PBXBuildFile; productRef = 161FFE842B806B010039627C /* FirebaseStorage */; };
		161FFE872B806B010039627C /* FirebaseStorageCombine-Community in Frameworks */ = {isa = PBXBuildFile; productRef = 161FFE862B806B010039627C /* FirebaseStorageCombine-Community */; };
		161FFE8B2B806D6F0039627C /* RegistrationViewModel.swift in Sources */ = {isa = PBXBuildFile; fileRef = 161FFE8A2B806D6F0039627C /* RegistrationViewModel.swift */; };
		161FFE8D2B806E1F0039627C /* AuthService.swift in Sources */ = {isa = PBXBuildFile; fileRef = 161FFE8C2B806E1F0039627C /* AuthService.swift */; };
		161FFE922B807FF30039627C /* ContentViewModel.swift in Sources */ = {isa = PBXBuildFile; fileRef = 161FFE912B807FF30039627C /* ContentViewModel.swift */; };
		161FFE942B80DDC30039627C /* LoginViewModel.swift in Sources */ = {isa = PBXBuildFile; fileRef = 161FFE932B80DDC30039627C /* LoginViewModel.swift */; };
		16B2738F2B7E3B39001F0704 /* ProfileThreadFilter.swift in Sources */ = {isa = PBXBuildFile; fileRef = 16B2738E2B7E3B39001F0704 /* ProfileThreadFilter.swift */; };
		16B273922B7E455D001F0704 /* EditProfileView.swift in Sources */ = {isa = PBXBuildFile; fileRef = 16B273912B7E455D001F0704 /* EditProfileView.swift */; };
		16BD739A2B7BC17F00197442 /* ThreadCell.swift in Sources */ = {isa = PBXBuildFile; fileRef = 16BD73992B7BC17F00197442 /* ThreadCell.swift */; };
		16BD739D2B7BCB6500197442 /* CircularImageView.swift in Sources */ = {isa = PBXBuildFile; fileRef = 16BD739C2B7BCB6500197442 /* CircularImageView.swift */; };
		16BD739F2B7BCBE300197442 /* UserCell.swift in Sources */ = {isa = PBXBuildFile; fileRef = 16BD739E2B7BCBE300197442 /* UserCell.swift */; };
		16CB19C12B8118230037096B /* User.swift in Sources */ = {isa = PBXBuildFile; fileRef = 16CB19C02B8118230037096B /* User.swift */; };
		16CB19C32B811B380037096B /* UserService.swift in Sources */ = {isa = PBXBuildFile; fileRef = 16CB19C22B811B380037096B /* UserService.swift */; };
		16CB19C62B811C160037096B /* CurrentUserProfileViewModel.swift in Sources */ = {isa = PBXBuildFile; fileRef = 16CB19C52B811C160037096B /* CurrentUserProfileViewModel.swift */; };
		16F7F6702B81F6D800C5E250 /* ExploreViewModel.swift in Sources */ = {isa = PBXBuildFile; fileRef = 16F7F66F2B81F6D800C5E250 /* ExploreViewModel.swift */; };
		16F7F6722B81F9C400C5E250 /* PreviewProvider.swift in Sources */ = {isa = PBXBuildFile; fileRef = 16F7F6712B81F9C400C5E250 /* PreviewProvider.swift */; };
		16F7F6762B81FDF300C5E250 /* CurrentUserProfileView.swift in Sources */ = {isa = PBXBuildFile; fileRef = 16F7F6752B81FDF300C5E250 /* CurrentUserProfileView.swift */; };
		16F7F67A2B82004500C5E250 /* ProfileHeaderView.swift in Sources */ = {isa = PBXBuildFile; fileRef = 16F7F6792B82004500C5E250 /* ProfileHeaderView.swift */; };
		16F7F67C2B8201D900C5E250 /* UserContentListView.swift in Sources */ = {isa = PBXBuildFile; fileRef = 16F7F67B2B8201D900C5E250 /* UserContentListView.swift */; };
		16FAB4692B7757BE00D0375D /* ThreadsCloneApp.swift in Sources */ = {isa = PBXBuildFile; fileRef = 16FAB4682B7757BE00D0375D /* ThreadsCloneApp.swift */; };
		16FAB46B2B7757BE00D0375D /* ContentView.swift in Sources */ = {isa = PBXBuildFile; fileRef = 16FAB46A2B7757BE00D0375D /* ContentView.swift */; };
		16FAB46D2B7757BF00D0375D /* Assets.xcassets in Resources */ = {isa = PBXBuildFile; fileRef = 16FAB46C2B7757BF00D0375D /* Assets.xcassets */; };
		16FAB4702B7757BF00D0375D /* Preview Assets.xcassets in Resources */ = {isa = PBXBuildFile; fileRef = 16FAB46F2B7757BF00D0375D /* Preview Assets.xcassets */; };
		16FAB4812B77589600D0375D /* LoginView.swift in Sources */ = {isa = PBXBuildFile; fileRef = 16FAB4802B77589600D0375D /* LoginView.swift */; };
		16FAB4832B7759CC00D0375D /* ThreadsTextFieldModifier.swift in Sources */ = {isa = PBXBuildFile; fileRef = 16FAB4822B7759CC00D0375D /* ThreadsTextFieldModifier.swift */; };
		16FAB4852B775A2900D0375D /* ThreadsButtonModifier.swift in Sources */ = {isa = PBXBuildFile; fileRef = 16FAB4842B775A2900D0375D /* ThreadsButtonModifier.swift */; };
		16FAB4872B775BEA00D0375D /* RegistrationView.swift in Sources */ = {isa = PBXBuildFile; fileRef = 16FAB4862B775BE900D0375D /* RegistrationView.swift */; };
		16FAB48A2B77688B00D0375D /* ThreadsTabView.swift in Sources */ = {isa = PBXBuildFile; fileRef = 16FAB4892B77688B00D0375D /* ThreadsTabView.swift */; };
		16FAB48E2B776A6700D0375D /* FeedView.swift in Sources */ = {isa = PBXBuildFile; fileRef = 16FAB48D2B776A6700D0375D /* FeedView.swift */; };
		16FAB4922B776AA800D0375D /* ExploreView.swift in Sources */ = {isa = PBXBuildFile; fileRef = 16FAB4912B776AA800D0375D /* ExploreView.swift */; };
		16FAB4962B776AD900D0375D /* CreateThreadView.swift in Sources */ = {isa = PBXBuildFile; fileRef = 16FAB4952B776AD900D0375D /* CreateThreadView.swift */; };
		16FAB49A2B776B0B00D0375D /* ActivityView.swift in Sources */ = {isa = PBXBuildFile; fileRef = 16FAB4992B776B0B00D0375D /* ActivityView.swift */; };
		16FAB49E2B776B2F00D0375D /* ProfileView.swift in Sources */ = {isa = PBXBuildFile; fileRef = 16FAB49D2B776B2F00D0375D /* ProfileView.swift */; };
/* End PBXBuildFile section */

/* Begin PBXFileReference section */
		161FFE4F2B8068ED0039627C /* GoogleService-Info.plist */ = {isa = PBXFileReference; fileEncoding = 4; lastKnownFileType = text.plist.xml; path = "GoogleService-Info.plist"; sourceTree = "<group>"; };
		161FFE8A2B806D6F0039627C /* RegistrationViewModel.swift */ = {isa = PBXFileReference; lastKnownFileType = sourcecode.swift; path = RegistrationViewModel.swift; sourceTree = "<group>"; };
		161FFE8C2B806E1F0039627C /* AuthService.swift */ = {isa = PBXFileReference; lastKnownFileType = sourcecode.swift; path = AuthService.swift; sourceTree = "<group>"; };
		161FFE912B807FF30039627C /* ContentViewModel.swift */ = {isa = PBXFileReference; lastKnownFileType = sourcecode.swift; path = ContentViewModel.swift; sourceTree = "<group>"; };
		161FFE932B80DDC30039627C /* LoginViewModel.swift */ = {isa = PBXFileReference; lastKnownFileType = sourcecode.swift; path = LoginViewModel.swift; sourceTree = "<group>"; };
		16B2738E2B7E3B39001F0704 /* ProfileThreadFilter.swift */ = {isa = PBXFileReference; lastKnownFileType = sourcecode.swift; path = ProfileThreadFilter.swift; sourceTree = "<group>"; };
		16B273912B7E455D001F0704 /* EditProfileView.swift */ = {isa = PBXFileReference; lastKnownFileType = sourcecode.swift; path = EditProfileView.swift; sourceTree = "<group>"; };
		16BD73992B7BC17F00197442 /* ThreadCell.swift */ = {isa = PBXFileReference; lastKnownFileType = sourcecode.swift; path = ThreadCell.swift; sourceTree = "<group>"; };
		16BD739C2B7BCB6500197442 /* CircularImageView.swift */ = {isa = PBXFileReference; lastKnownFileType = sourcecode.swift; path = CircularImageView.swift; sourceTree = "<group>"; };
		16BD739E2B7BCBE300197442 /* UserCell.swift */ = {isa = PBXFileReference; lastKnownFileType = sourcecode.swift; path = UserCell.swift; sourceTree = "<group>"; };
		16CB19C02B8118230037096B /* User.swift */ = {isa = PBXFileReference; lastKnownFileType = sourcecode.swift; path = User.swift; sourceTree = "<group>"; };
		16CB19C22B811B380037096B /* UserService.swift */ = {isa = PBXFileReference; lastKnownFileType = sourcecode.swift; path = UserService.swift; sourceTree = "<group>"; };
		16CB19C52B811C160037096B /* CurrentUserProfileViewModel.swift */ = {isa = PBXFileReference; lastKnownFileType = sourcecode.swift; path = CurrentUserProfileViewModel.swift; sourceTree = "<group>"; };
		16F7F66F2B81F6D800C5E250 /* ExploreViewModel.swift */ = {isa = PBXFileReference; lastKnownFileType = sourcecode.swift; path = ExploreViewModel.swift; sourceTree = "<group>"; };
		16F7F6712B81F9C400C5E250 /* PreviewProvider.swift */ = {isa = PBXFileReference; lastKnownFileType = sourcecode.swift; path = PreviewProvider.swift; sourceTree = "<group>"; };
		16F7F6752B81FDF300C5E250 /* CurrentUserProfileView.swift */ = {isa = PBXFileReference; lastKnownFileType = sourcecode.swift; path = CurrentUserProfileView.swift; sourceTree = "<group>"; };
		16F7F6792B82004500C5E250 /* ProfileHeaderView.swift */ = {isa = PBXFileReference; lastKnownFileType = sourcecode.swift; path = ProfileHeaderView.swift; sourceTree = "<group>"; };
		16F7F67B2B8201D900C5E250 /* UserContentListView.swift */ = {isa = PBXFileReference; lastKnownFileType = sourcecode.swift; path = UserContentListView.swift; sourceTree = "<group>"; };
		16FAB4652B7757BE00D0375D /* ThreadsClone.app */ = {isa = PBXFileReference; explicitFileType = wrapper.application; includeInIndex = 0; path = ThreadsClone.app; sourceTree = BUILT_PRODUCTS_DIR; };
		16FAB4682B7757BE00D0375D /* ThreadsCloneApp.swift */ = {isa = PBXFileReference; lastKnownFileType = sourcecode.swift; path = ThreadsCloneApp.swift; sourceTree = "<group>"; };
		16FAB46A2B7757BE00D0375D /* ContentView.swift */ = {isa = PBXFileReference; lastKnownFileType = sourcecode.swift; path = ContentView.swift; sourceTree = "<group>"; };
		16FAB46C2B7757BF00D0375D /* Assets.xcassets */ = {isa = PBXFileReference; lastKnownFileType = folder.assetcatalog; path = Assets.xcassets; sourceTree = "<group>"; };
		16FAB46F2B7757BF00D0375D /* Preview Assets.xcassets */ = {isa = PBXFileReference; lastKnownFileType = folder.assetcatalog; path = "Preview Assets.xcassets"; sourceTree = "<group>"; };
		16FAB4802B77589600D0375D /* LoginView.swift */ = {isa = PBXFileReference; lastKnownFileType = sourcecode.swift; path = LoginView.swift; sourceTree = "<group>"; };
		16FAB4822B7759CC00D0375D /* ThreadsTextFieldModifier.swift */ = {isa = PBXFileReference; lastKnownFileType = sourcecode.swift; path = ThreadsTextFieldModifier.swift; sourceTree = "<group>"; };
		16FAB4842B775A2900D0375D /* ThreadsButtonModifier.swift */ = {isa = PBXFileReference; lastKnownFileType = sourcecode.swift; path = ThreadsButtonModifier.swift; sourceTree = "<group>"; };
		16FAB4862B775BE900D0375D /* RegistrationView.swift */ = {isa = PBXFileReference; lastKnownFileType = sourcecode.swift; path = RegistrationView.swift; sourceTree = "<group>"; };
		16FAB4892B77688B00D0375D /* ThreadsTabView.swift */ = {isa = PBXFileReference; lastKnownFileType = sourcecode.swift; path = ThreadsTabView.swift; sourceTree = "<group>"; };
		16FAB48D2B776A6700D0375D /* FeedView.swift */ = {isa = PBXFileReference; lastKnownFileType = sourcecode.swift; path = FeedView.swift; sourceTree = "<group>"; };
		16FAB4912B776AA800D0375D /* ExploreView.swift */ = {isa = PBXFileReference; lastKnownFileType = sourcecode.swift; path = ExploreView.swift; sourceTree = "<group>"; };
		16FAB4952B776AD900D0375D /* CreateThreadView.swift */ = {isa = PBXFileReference; lastKnownFileType = sourcecode.swift; path = CreateThreadView.swift; sourceTree = "<group>"; };
		16FAB4992B776B0B00D0375D /* ActivityView.swift */ = {isa = PBXFileReference; lastKnownFileType = sourcecode.swift; path = ActivityView.swift; sourceTree = "<group>"; };
		16FAB49D2B776B2F00D0375D /* ProfileView.swift */ = {isa = PBXFileReference; lastKnownFileType = sourcecode.swift; path = ProfileView.swift; sourceTree = "<group>"; };
/* End PBXFileReference section */

/* Begin PBXFrameworksBuildPhase section */
		16FAB4622B7757BE00D0375D /* Frameworks */ = {
			isa = PBXFrameworksBuildPhase;
			buildActionMask = 2147483647;
			files = (
				161FFE652B806B010039627C /* FirebaseDatabase in Frameworks */,
				161FFE732B806B010039627C /* FirebaseFunctionsCombine-Community in Frameworks */,
				161FFE6B2B806B010039627C /* FirebaseFirestore in Frameworks */,
				161FFE572B806B010039627C /* FirebaseAnalyticsSwift in Frameworks */,
				161FFE532B806B010039627C /* FirebaseAnalytics in Frameworks */,
				161FFE552B806B010039627C /* FirebaseAnalyticsOnDeviceConversion in Frameworks */,
				161FFE7B2B806B010039627C /* FirebaseMLModelDownloader in Frameworks */,
				161FFE6F2B806B010039627C /* FirebaseFirestoreSwift in Frameworks */,
				161FFE5B2B806B010039627C /* FirebaseAppCheck in Frameworks */,
				161FFE592B806B010039627C /* FirebaseAnalyticsWithoutAdIdSupport in Frameworks */,
				161FFE5F2B806B010039627C /* FirebaseAuth in Frameworks */,
				161FFE632B806B010039627C /* FirebaseCrashlytics in Frameworks */,
				161FFE832B806B010039627C /* FirebaseRemoteConfigSwift in Frameworks */,
				161FFE752B806B010039627C /* FirebaseInAppMessaging-Beta in Frameworks */,
				161FFE672B806B010039627C /* FirebaseDatabaseSwift in Frameworks */,
				161FFE712B806B010039627C /* FirebaseFunctions in Frameworks */,
				161FFE872B806B010039627C /* FirebaseStorageCombine-Community in Frameworks */,
				161FFE812B806B010039627C /* FirebaseRemoteConfig in Frameworks */,
				161FFE5D2B806B010039627C /* FirebaseAppDistribution-Beta in Frameworks */,
				161FFE612B806B010039627C /* FirebaseAuthCombine-Community in Frameworks */,
				161FFE7F2B806B010039627C /* FirebasePerformance in Frameworks */,
				161FFE772B806B010039627C /* FirebaseInAppMessagingSwift-Beta in Frameworks */,
				161FFE852B806B010039627C /* FirebaseStorage in Frameworks */,
				161FFE692B806B010039627C /* FirebaseDynamicLinks in Frameworks */,
				161FFE6D2B806B010039627C /* FirebaseFirestoreCombine-Community in Frameworks */,
				161FFE7D2B806B010039627C /* FirebaseMessaging in Frameworks */,
				161FFE792B806B010039627C /* FirebaseInstallations in Frameworks */,
			);
			runOnlyForDeploymentPostprocessing = 0;
		};
/* End PBXFrameworksBuildPhase section */

/* Begin PBXGroup section */
		161FFE882B806D510039627C /* ViewModel */ = {
			isa = PBXGroup;
			children = (
				161FFE932B80DDC30039627C /* LoginViewModel.swift */,
				161FFE8A2B806D6F0039627C /* RegistrationViewModel.swift */,
			);
			path = ViewModel;
			sourceTree = "<group>";
		};
		161FFE892B806D570039627C /* Service */ = {
			isa = PBXGroup;
			children = (
				161FFE8C2B806E1F0039627C /* AuthService.swift */,
			);
			path = Service;
			sourceTree = "<group>";
		};
		161FFE8E2B807FCA0039627C /* View */ = {
			isa = PBXGroup;
			children = (
				16FAB46A2B7757BE00D0375D /* ContentView.swift */,
			);
			path = View;
			sourceTree = "<group>";
		};
		161FFE8F2B807FCE0039627C /* ViewModel */ = {
			isa = PBXGroup;
			children = (
				161FFE912B807FF30039627C /* ContentViewModel.swift */,
			);
			path = ViewModel;
			sourceTree = "<group>";
		};
		16B2738D2B7E3B28001F0704 /* Model */ = {
			isa = PBXGroup;
			children = (
				16B2738E2B7E3B39001F0704 /* ProfileThreadFilter.swift */,
			);
			path = Model;
			sourceTree = "<group>";
		};
		16B273902B7E4543001F0704 /* EditProfile */ = {
			isa = PBXGroup;
			children = (
				16B273912B7E455D001F0704 /* EditProfileView.swift */,
			);
			path = EditProfile;
			sourceTree = "<group>";
		};
		16BD739B2B7BCB5400197442 /* Components */ = {
			isa = PBXGroup;
			children = (
				16BD739C2B7BCB6500197442 /* CircularImageView.swift */,
				16BD739E2B7BCBE300197442 /* UserCell.swift */,
			);
			path = Components;
			sourceTree = "<group>";
		};
		16F7F66E2B81F6CE00C5E250 /* ViewModel */ = {
			isa = PBXGroup;
			children = (
				16F7F66F2B81F6D800C5E250 /* ExploreViewModel.swift */,
			);
			path = ViewModel;
			sourceTree = "<group>";
		};
		16F7F6732B81FDCC00C5E250 /* CurrentUserProfile */ = {
			isa = PBXGroup;
			children = (
				16F7F6742B81FDE700C5E250 /* View */,
				16F7F6772B81FE3700C5E250 /* ViewModel */,
			);
			path = CurrentUserProfile;
			sourceTree = "<group>";
		};
		16F7F6742B81FDE700C5E250 /* View */ = {
			isa = PBXGroup;
			children = (
				16F7F6752B81FDF300C5E250 /* CurrentUserProfileView.swift */,
			);
			path = View;
			sourceTree = "<group>";
		};
		16F7F6772B81FE3700C5E250 /* ViewModel */ = {
			isa = PBXGroup;
			children = (
				16CB19C52B811C160037096B /* CurrentUserProfileViewModel.swift */,
			);
			path = ViewModel;
			sourceTree = "<group>";
		};
		16F7F6782B82003400C5E250 /* Components */ = {
			isa = PBXGroup;
			children = (
				16F7F6792B82004500C5E250 /* ProfileHeaderView.swift */,
				16F7F67B2B8201D900C5E250 /* UserContentListView.swift */,
			);
			path = Components;
			sourceTree = "<group>";
		};
		16FAB45C2B7757BE00D0375D = {
			isa = PBXGroup;
			children = (
				16FAB4672B7757BE00D0375D /* ThreadsClone */,
				16FAB4662B7757BE00D0375D /* Products */,
			);
			sourceTree = "<group>";
		};
		16FAB4662B7757BE00D0375D /* Products */ = {
			isa = PBXGroup;
			children = (
				16FAB4652B7757BE00D0375D /* ThreadsClone.app */,
			);
			name = Products;
			sourceTree = "<group>";
		};
		16FAB4672B7757BE00D0375D /* ThreadsClone */ = {
			isa = PBXGroup;
			children = (
				16FAB47B2B77583200D0375D /* App */,
				16FAB47A2B77582C00D0375D /* Core */,
				16FAB4792B77582800D0375D /* Extensions */,
				16FAB4782B77582200D0375D /* Model */,
				16FAB4772B77580800D0375D /* Services */,
				16FAB4762B77580400D0375D /* Utils */,
				16FAB46C2B7757BF00D0375D /* Assets.xcassets */,
				161FFE4F2B8068ED0039627C /* GoogleService-Info.plist */,
				16FAB46E2B7757BF00D0375D /* Preview Content */,
			);
			path = ThreadsClone;
			sourceTree = "<group>";
		};
		16FAB46E2B7757BF00D0375D /* Preview Content */ = {
			isa = PBXGroup;
			children = (
				16FAB46F2B7757BF00D0375D /* Preview Assets.xcassets */,
			);
			path = "Preview Content";
			sourceTree = "<group>";
		};
		16FAB4762B77580400D0375D /* Utils */ = {
			isa = PBXGroup;
			children = (
			);
			path = Utils;
			sourceTree = "<group>";
		};
		16FAB4772B77580800D0375D /* Services */ = {
			isa = PBXGroup;
			children = (
				16CB19C22B811B380037096B /* UserService.swift */,
			);
			path = Services;
			sourceTree = "<group>";
		};
		16FAB4782B77582200D0375D /* Model */ = {
			isa = PBXGroup;
			children = (
				16CB19C02B8118230037096B /* User.swift */,
			);
			path = Model;
			sourceTree = "<group>";
		};
		16FAB4792B77582800D0375D /* Extensions */ = {
			isa = PBXGroup;
			children = (
				16FAB4822B7759CC00D0375D /* ThreadsTextFieldModifier.swift */,
				16FAB4842B775A2900D0375D /* ThreadsButtonModifier.swift */,
				16F7F6712B81F9C400C5E250 /* PreviewProvider.swift */,
			);
			path = Extensions;
			sourceTree = "<group>";
		};
		16FAB47A2B77582C00D0375D /* Core */ = {
			isa = PBXGroup;
			children = (
				16FAB4972B776AFD00D0375D /* Activity */,
				16FAB47C2B77584B00D0375D /* Authentication */,
				16BD739B2B7BCB5400197442 /* Components */,
				16FAB48F2B776A9B00D0375D /* Explore */,
				16FAB48B2B776A5800D0375D /* Feed */,
				16FAB49B2B776B1300D0375D /* Profile */,
				16FAB47D2B77585200D0375D /* Root */,
				16FAB4882B77686500D0375D /* TabBar */,
				16FAB4932B776AC800D0375D /* ThreadsCreation */,
			);
			path = Core;
			sourceTree = "<group>";
		};
		16FAB47B2B77583200D0375D /* App */ = {
			isa = PBXGroup;
			children = (
				16FAB4682B7757BE00D0375D /* ThreadsCloneApp.swift */,
			);
			path = App;
			sourceTree = "<group>";
		};
		16FAB47C2B77584B00D0375D /* Authentication */ = {
			isa = PBXGroup;
			children = (
				161FFE892B806D570039627C /* Service */,
				16FAB47E2B77585E00D0375D /* Views */,
				161FFE882B806D510039627C /* ViewModel */,
			);
			path = Authentication;
			sourceTree = "<group>";
		};
		16FAB47D2B77585200D0375D /* Root */ = {
			isa = PBXGroup;
			children = (
				161FFE8E2B807FCA0039627C /* View */,
				161FFE8F2B807FCE0039627C /* ViewModel */,
			);
			path = Root;
			sourceTree = "<group>";
		};
		16FAB47E2B77585E00D0375D /* Views */ = {
			isa = PBXGroup;
			children = (
				16FAB4802B77589600D0375D /* LoginView.swift */,
				16FAB4862B775BE900D0375D /* RegistrationView.swift */,
			);
			path = Views;
			sourceTree = "<group>";
		};
		16FAB4882B77686500D0375D /* TabBar */ = {
			isa = PBXGroup;
			children = (
				16FAB4892B77688B00D0375D /* ThreadsTabView.swift */,
			);
			path = TabBar;
			sourceTree = "<group>";
		};
		16FAB48B2B776A5800D0375D /* Feed */ = {
			isa = PBXGroup;
			children = (
				16FAB48C2B776A5C00D0375D /* Views */,
			);
			path = Feed;
			sourceTree = "<group>";
		};
		16FAB48C2B776A5C00D0375D /* Views */ = {
			isa = PBXGroup;
			children = (
				16FAB48D2B776A6700D0375D /* FeedView.swift */,
				16BD73992B7BC17F00197442 /* ThreadCell.swift */,
			);
			path = Views;
			sourceTree = "<group>";
		};
		16FAB48F2B776A9B00D0375D /* Explore */ = {
			isa = PBXGroup;
			children = (
				16FAB4902B776A9F00D0375D /* View */,
				16F7F66E2B81F6CE00C5E250 /* ViewModel */,
			);
			path = Explore;
			sourceTree = "<group>";
		};
		16FAB4902B776A9F00D0375D /* View */ = {
			isa = PBXGroup;
			children = (
				16FAB4912B776AA800D0375D /* ExploreView.swift */,
			);
			path = View;
			sourceTree = "<group>";
		};
		16FAB4932B776AC800D0375D /* ThreadsCreation */ = {
			isa = PBXGroup;
			children = (
				16FAB4942B776ACE00D0375D /* View */,
			);
			path = ThreadsCreation;
			sourceTree = "<group>";
		};
		16FAB4942B776ACE00D0375D /* View */ = {
			isa = PBXGroup;
			children = (
				16FAB4952B776AD900D0375D /* CreateThreadView.swift */,
			);
			path = View;
			sourceTree = "<group>";
		};
		16FAB4972B776AFD00D0375D /* Activity */ = {
			isa = PBXGroup;
			children = (
				16FAB4982B776B0100D0375D /* View */,
			);
			path = Activity;
			sourceTree = "<group>";
		};
		16FAB4982B776B0100D0375D /* View */ = {
			isa = PBXGroup;
			children = (
				16FAB4992B776B0B00D0375D /* ActivityView.swift */,
			);
			path = View;
			sourceTree = "<group>";
		};
		16FAB49B2B776B1300D0375D /* Profile */ = {
			isa = PBXGroup;
			children = (
				16F7F6782B82003400C5E250 /* Components */,
				16F7F6732B81FDCC00C5E250 /* CurrentUserProfile */,
				16B273902B7E4543001F0704 /* EditProfile */,
				16B2738D2B7E3B28001F0704 /* Model */,
				16FAB49C2B776B2A00D0375D /* UserProfile */,
			);
			path = Profile;
			sourceTree = "<group>";
		};
		16FAB49C2B776B2A00D0375D /* UserProfile */ = {
			isa = PBXGroup;
			children = (
				16FAB49D2B776B2F00D0375D /* ProfileView.swift */,
			);
			path = UserProfile;
			sourceTree = "<group>";
		};
/* End PBXGroup section */

/* Begin PBXNativeTarget section */
		16FAB4642B7757BE00D0375D /* ThreadsClone */ = {
			isa = PBXNativeTarget;
			buildConfigurationList = 16FAB4732B7757BF00D0375D /* Build configuration list for PBXNativeTarget "ThreadsClone" */;
			buildPhases = (
				16FAB4612B7757BE00D0375D /* Sources */,
				16FAB4622B7757BE00D0375D /* Frameworks */,
				16FAB4632B7757BE00D0375D /* Resources */,
			);
			buildRules = (
			);
			dependencies = (
			);
			name = ThreadsClone;
			packageProductDependencies = (
				161FFE522B806B010039627C /* FirebaseAnalytics */,
				161FFE542B806B010039627C /* FirebaseAnalyticsOnDeviceConversion */,
				161FFE562B806B010039627C /* FirebaseAnalyticsSwift */,
				161FFE582B806B010039627C /* FirebaseAnalyticsWithoutAdIdSupport */,
				161FFE5A2B806B010039627C /* FirebaseAppCheck */,
				161FFE5C2B806B010039627C /* FirebaseAppDistribution-Beta */,
				161FFE5E2B806B010039627C /* FirebaseAuth */,
				161FFE602B806B010039627C /* FirebaseAuthCombine-Community */,
				161FFE622B806B010039627C /* FirebaseCrashlytics */,
				161FFE642B806B010039627C /* FirebaseDatabase */,
				161FFE662B806B010039627C /* FirebaseDatabaseSwift */,
				161FFE682B806B010039627C /* FirebaseDynamicLinks */,
				161FFE6A2B806B010039627C /* FirebaseFirestore */,
				161FFE6C2B806B010039627C /* FirebaseFirestoreCombine-Community */,
				161FFE6E2B806B010039627C /* FirebaseFirestoreSwift */,
				161FFE702B806B010039627C /* FirebaseFunctions */,
				161FFE722B806B010039627C /* FirebaseFunctionsCombine-Community */,
				161FFE742B806B010039627C /* FirebaseInAppMessaging-Beta */,
				161FFE762B806B010039627C /* FirebaseInAppMessagingSwift-Beta */,
				161FFE782B806B010039627C /* FirebaseInstallations */,
				161FFE7A2B806B010039627C /* FirebaseMLModelDownloader */,
				161FFE7C2B806B010039627C /* FirebaseMessaging */,
				161FFE7E2B806B010039627C /* FirebasePerformance */,
				161FFE802B806B010039627C /* FirebaseRemoteConfig */,
				161FFE822B806B010039627C /* FirebaseRemoteConfigSwift */,
				161FFE842B806B010039627C /* FirebaseStorage */,
				161FFE862B806B010039627C /* FirebaseStorageCombine-Community */,
			);
			productName = ThreadsClone;
			productReference = 16FAB4652B7757BE00D0375D /* ThreadsClone.app */;
			productType = "com.apple.product-type.application";
		};
/* End PBXNativeTarget section */

/* Begin PBXProject section */
		16FAB45D2B7757BE00D0375D /* Project object */ = {
			isa = PBXProject;
			attributes = {
				BuildIndependentTargetsInParallel = 1;
				LastSwiftUpdateCheck = 1520;
				LastUpgradeCheck = 1520;
				TargetAttributes = {
					16FAB4642B7757BE00D0375D = {
						CreatedOnToolsVersion = 15.2;
					};
				};
			};
			buildConfigurationList = 16FAB4602B7757BE00D0375D /* Build configuration list for PBXProject "ThreadsClone" */;
			compatibilityVersion = "Xcode 14.0";
			developmentRegion = en;
			hasScannedForEncodings = 0;
			knownRegions = (
				en,
				Base,
			);
			mainGroup = 16FAB45C2B7757BE00D0375D;
			packageReferences = (
				161FFE512B806B010039627C /* XCRemoteSwiftPackageReference "firebase-ios-sdk" */,
			);
			productRefGroup = 16FAB4662B7757BE00D0375D /* Products */;
			projectDirPath = "";
			projectRoot = "";
			targets = (
				16FAB4642B7757BE00D0375D /* ThreadsClone */,
			);
		};
/* End PBXProject section */

/* Begin PBXResourcesBuildPhase section */
		16FAB4632B7757BE00D0375D /* Resources */ = {
			isa = PBXResourcesBuildPhase;
			buildActionMask = 2147483647;
			files = (
				16FAB4702B7757BF00D0375D /* Preview Assets.xcassets in Resources */,
				16FAB46D2B7757BF00D0375D /* Assets.xcassets in Resources */,
				161FFE502B8068ED0039627C /* GoogleService-Info.plist in Resources */,
			);
			runOnlyForDeploymentPostprocessing = 0;
		};
/* End PBXResourcesBuildPhase section */

/* Begin PBXSourcesBuildPhase section */
		16FAB4612B7757BE00D0375D /* Sources */ = {
			isa = PBXSourcesBuildPhase;
			buildActionMask = 2147483647;
			files = (
				16FAB49A2B776B0B00D0375D /* ActivityView.swift in Sources */,
				161FFE8B2B806D6F0039627C /* RegistrationViewModel.swift in Sources */,
				16B273922B7E455D001F0704 /* EditProfileView.swift in Sources */,
				16FAB4962B776AD900D0375D /* CreateThreadView.swift in Sources */,
				161FFE922B807FF30039627C /* ContentViewModel.swift in Sources */,
				16FAB48E2B776A6700D0375D /* FeedView.swift in Sources */,
				16CB19C62B811C160037096B /* CurrentUserProfileViewModel.swift in Sources */,
				16B2738F2B7E3B39001F0704 /* ProfileThreadFilter.swift in Sources */,
				16F7F6762B81FDF300C5E250 /* CurrentUserProfileView.swift in Sources */,
				16CB19C32B811B380037096B /* UserService.swift in Sources */,
				161FFE8D2B806E1F0039627C /* AuthService.swift in Sources */,
				16F7F67A2B82004500C5E250 /* ProfileHeaderView.swift in Sources */,
				16FAB4922B776AA800D0375D /* ExploreView.swift in Sources */,
				16FAB49E2B776B2F00D0375D /* ProfileView.swift in Sources */,
				16CB19C12B8118230037096B /* User.swift in Sources */,
				16FAB4852B775A2900D0375D /* ThreadsButtonModifier.swift in Sources */,
				16FAB48A2B77688B00D0375D /* ThreadsTabView.swift in Sources */,
				16F7F67C2B8201D900C5E250 /* UserContentListView.swift in Sources */,
				16FAB4832B7759CC00D0375D /* ThreadsTextFieldModifier.swift in Sources */,
				16BD739F2B7BCBE300197442 /* UserCell.swift in Sources */,
				16BD739A2B7BC17F00197442 /* ThreadCell.swift in Sources */,
				16BD739D2B7BCB6500197442 /* CircularImageView.swift in Sources */,
				16FAB4812B77589600D0375D /* LoginView.swift in Sources */,
				16FAB4872B775BEA00D0375D /* RegistrationView.swift in Sources */,
				16F7F6702B81F6D800C5E250 /* ExploreViewModel.swift in Sources */,
				16FAB46B2B7757BE00D0375D /* ContentView.swift in Sources */,
				16FAB4692B7757BE00D0375D /* ThreadsCloneApp.swift in Sources */,
				161FFE942B80DDC30039627C /* LoginViewModel.swift in Sources */,
				16F7F6722B81F9C400C5E250 /* PreviewProvider.swift in Sources */,
			);
			runOnlyForDeploymentPostprocessing = 0;
		};
/* End PBXSourcesBuildPhase section */

/* Begin XCBuildConfiguration section */
		16FAB4712B7757BF00D0375D /* Debug */ = {
			isa = XCBuildConfiguration;
			buildSettings = {
				ALWAYS_SEARCH_USER_PATHS = NO;
				ASSETCATALOG_COMPILER_GENERATE_SWIFT_ASSET_SYMBOL_EXTENSIONS = YES;
				CLANG_ANALYZER_NONNULL = YES;
				CLANG_ANALYZER_NUMBER_OBJECT_CONVERSION = YES_AGGRESSIVE;
				CLANG_CXX_LANGUAGE_STANDARD = "gnu++20";
				CLANG_ENABLE_MODULES = YES;
				CLANG_ENABLE_OBJC_ARC = YES;
				CLANG_ENABLE_OBJC_WEAK = YES;
				CLANG_WARN_BLOCK_CAPTURE_AUTORELEASING = YES;
				CLANG_WARN_BOOL_CONVERSION = YES;
				CLANG_WARN_COMMA = YES;
				CLANG_WARN_CONSTANT_CONVERSION = YES;
				CLANG_WARN_DEPRECATED_OBJC_IMPLEMENTATIONS = YES;
				CLANG_WARN_DIRECT_OBJC_ISA_USAGE = YES_ERROR;
				CLANG_WARN_DOCUMENTATION_COMMENTS = YES;
				CLANG_WARN_EMPTY_BODY = YES;
				CLANG_WARN_ENUM_CONVERSION = YES;
				CLANG_WARN_INFINITE_RECURSION = YES;
				CLANG_WARN_INT_CONVERSION = YES;
				CLANG_WARN_NON_LITERAL_NULL_CONVERSION = YES;
				CLANG_WARN_OBJC_IMPLICIT_RETAIN_SELF = YES;
				CLANG_WARN_OBJC_LITERAL_CONVERSION = YES;
				CLANG_WARN_OBJC_ROOT_CLASS = YES_ERROR;
				CLANG_WARN_QUOTED_INCLUDE_IN_FRAMEWORK_HEADER = YES;
				CLANG_WARN_RANGE_LOOP_ANALYSIS = YES;
				CLANG_WARN_STRICT_PROTOTYPES = YES;
				CLANG_WARN_SUSPICIOUS_MOVE = YES;
				CLANG_WARN_UNGUARDED_AVAILABILITY = YES_AGGRESSIVE;
				CLANG_WARN_UNREACHABLE_CODE = YES;
				CLANG_WARN__DUPLICATE_METHOD_MATCH = YES;
				COPY_PHASE_STRIP = NO;
				DEBUG_INFORMATION_FORMAT = dwarf;
				ENABLE_STRICT_OBJC_MSGSEND = YES;
				ENABLE_TESTABILITY = YES;
				ENABLE_USER_SCRIPT_SANDBOXING = YES;
				GCC_C_LANGUAGE_STANDARD = gnu17;
				GCC_DYNAMIC_NO_PIC = NO;
				GCC_NO_COMMON_BLOCKS = YES;
				GCC_OPTIMIZATION_LEVEL = 0;
				GCC_PREPROCESSOR_DEFINITIONS = (
					"DEBUG=1",
					"$(inherited)",
				);
				GCC_WARN_64_TO_32_BIT_CONVERSION = YES;
				GCC_WARN_ABOUT_RETURN_TYPE = YES_ERROR;
				GCC_WARN_UNDECLARED_SELECTOR = YES;
				GCC_WARN_UNINITIALIZED_AUTOS = YES_AGGRESSIVE;
				GCC_WARN_UNUSED_FUNCTION = YES;
				GCC_WARN_UNUSED_VARIABLE = YES;
				IPHONEOS_DEPLOYMENT_TARGET = 17.2;
				LOCALIZATION_PREFERS_STRING_CATALOGS = YES;
				MTL_ENABLE_DEBUG_INFO = INCLUDE_SOURCE;
				MTL_FAST_MATH = YES;
				ONLY_ACTIVE_ARCH = YES;
				SDKROOT = iphoneos;
				SWIFT_ACTIVE_COMPILATION_CONDITIONS = "DEBUG $(inherited)";
				SWIFT_OPTIMIZATION_LEVEL = "-Onone";
			};
			name = Debug;
		};
		16FAB4722B7757BF00D0375D /* Release */ = {
			isa = XCBuildConfiguration;
			buildSettings = {
				ALWAYS_SEARCH_USER_PATHS = NO;
				ASSETCATALOG_COMPILER_GENERATE_SWIFT_ASSET_SYMBOL_EXTENSIONS = YES;
				CLANG_ANALYZER_NONNULL = YES;
				CLANG_ANALYZER_NUMBER_OBJECT_CONVERSION = YES_AGGRESSIVE;
				CLANG_CXX_LANGUAGE_STANDARD = "gnu++20";
				CLANG_ENABLE_MODULES = YES;
				CLANG_ENABLE_OBJC_ARC = YES;
				CLANG_ENABLE_OBJC_WEAK = YES;
				CLANG_WARN_BLOCK_CAPTURE_AUTORELEASING = YES;
				CLANG_WARN_BOOL_CONVERSION = YES;
				CLANG_WARN_COMMA = YES;
				CLANG_WARN_CONSTANT_CONVERSION = YES;
				CLANG_WARN_DEPRECATED_OBJC_IMPLEMENTATIONS = YES;
				CLANG_WARN_DIRECT_OBJC_ISA_USAGE = YES_ERROR;
				CLANG_WARN_DOCUMENTATION_COMMENTS = YES;
				CLANG_WARN_EMPTY_BODY = YES;
				CLANG_WARN_ENUM_CONVERSION = YES;
				CLANG_WARN_INFINITE_RECURSION = YES;
				CLANG_WARN_INT_CONVERSION = YES;
				CLANG_WARN_NON_LITERAL_NULL_CONVERSION = YES;
				CLANG_WARN_OBJC_IMPLICIT_RETAIN_SELF = YES;
				CLANG_WARN_OBJC_LITERAL_CONVERSION = YES;
				CLANG_WARN_OBJC_ROOT_CLASS = YES_ERROR;
				CLANG_WARN_QUOTED_INCLUDE_IN_FRAMEWORK_HEADER = YES;
				CLANG_WARN_RANGE_LOOP_ANALYSIS = YES;
				CLANG_WARN_STRICT_PROTOTYPES = YES;
				CLANG_WARN_SUSPICIOUS_MOVE = YES;
				CLANG_WARN_UNGUARDED_AVAILABILITY = YES_AGGRESSIVE;
				CLANG_WARN_UNREACHABLE_CODE = YES;
				CLANG_WARN__DUPLICATE_METHOD_MATCH = YES;
				COPY_PHASE_STRIP = NO;
				DEBUG_INFORMATION_FORMAT = "dwarf-with-dsym";
				ENABLE_NS_ASSERTIONS = NO;
				ENABLE_STRICT_OBJC_MSGSEND = YES;
				ENABLE_USER_SCRIPT_SANDBOXING = YES;
				GCC_C_LANGUAGE_STANDARD = gnu17;
				GCC_NO_COMMON_BLOCKS = YES;
				GCC_WARN_64_TO_32_BIT_CONVERSION = YES;
				GCC_WARN_ABOUT_RETURN_TYPE = YES_ERROR;
				GCC_WARN_UNDECLARED_SELECTOR = YES;
				GCC_WARN_UNINITIALIZED_AUTOS = YES_AGGRESSIVE;
				GCC_WARN_UNUSED_FUNCTION = YES;
				GCC_WARN_UNUSED_VARIABLE = YES;
				IPHONEOS_DEPLOYMENT_TARGET = 17.2;
				LOCALIZATION_PREFERS_STRING_CATALOGS = YES;
				MTL_ENABLE_DEBUG_INFO = NO;
				MTL_FAST_MATH = YES;
				SDKROOT = iphoneos;
				SWIFT_COMPILATION_MODE = wholemodule;
				VALIDATE_PRODUCT = YES;
			};
			name = Release;
		};
		16FAB4742B7757BF00D0375D /* Debug */ = {
			isa = XCBuildConfiguration;
			buildSettings = {
				ASSETCATALOG_COMPILER_APPICON_NAME = AppIcon;
				ASSETCATALOG_COMPILER_GLOBAL_ACCENT_COLOR_NAME = AccentColor;
				CODE_SIGN_STYLE = Automatic;
				CURRENT_PROJECT_VERSION = 1;
				DEVELOPMENT_ASSET_PATHS = "\"ThreadsClone/Preview Content\"";
				DEVELOPMENT_TEAM = 2G3ZY4K567;
				ENABLE_PREVIEWS = YES;
				GENERATE_INFOPLIST_FILE = YES;
				INFOPLIST_KEY_UIApplicationSceneManifest_Generation = YES;
				INFOPLIST_KEY_UIApplicationSupportsIndirectInputEvents = YES;
				INFOPLIST_KEY_UILaunchScreen_Generation = YES;
				INFOPLIST_KEY_UISupportedInterfaceOrientations_iPad = "UIInterfaceOrientationPortrait UIInterfaceOrientationPortraitUpsideDown UIInterfaceOrientationLandscapeLeft UIInterfaceOrientationLandscapeRight";
				INFOPLIST_KEY_UISupportedInterfaceOrientations_iPhone = "UIInterfaceOrientationPortrait UIInterfaceOrientationLandscapeLeft UIInterfaceOrientationLandscapeRight";
				LD_RUNPATH_SEARCH_PATHS = (
					"$(inherited)",
					"@executable_path/Frameworks",
				);
				MARKETING_VERSION = 1.0;
				PRODUCT_BUNDLE_IDENTIFIER = com.nanda.ThreadsClone;
				PRODUCT_NAME = "$(TARGET_NAME)";
				SWIFT_EMIT_LOC_STRINGS = YES;
				SWIFT_VERSION = 5.0;
				TARGETED_DEVICE_FAMILY = "1,2";
			};
			name = Debug;
		};
		16FAB4752B7757BF00D0375D /* Release */ = {
			isa = XCBuildConfiguration;
			buildSettings = {
				ASSETCATALOG_COMPILER_APPICON_NAME = AppIcon;
				ASSETCATALOG_COMPILER_GLOBAL_ACCENT_COLOR_NAME = AccentColor;
				CODE_SIGN_STYLE = Automatic;
				CURRENT_PROJECT_VERSION = 1;
				DEVELOPMENT_ASSET_PATHS = "\"ThreadsClone/Preview Content\"";
				DEVELOPMENT_TEAM = 2G3ZY4K567;
				ENABLE_PREVIEWS = YES;
				GENERATE_INFOPLIST_FILE = YES;
				INFOPLIST_KEY_UIApplicationSceneManifest_Generation = YES;
				INFOPLIST_KEY_UIApplicationSupportsIndirectInputEvents = YES;
				INFOPLIST_KEY_UILaunchScreen_Generation = YES;
				INFOPLIST_KEY_UISupportedInterfaceOrientations_iPad = "UIInterfaceOrientationPortrait UIInterfaceOrientationPortraitUpsideDown UIInterfaceOrientationLandscapeLeft UIInterfaceOrientationLandscapeRight";
				INFOPLIST_KEY_UISupportedInterfaceOrientations_iPhone = "UIInterfaceOrientationPortrait UIInterfaceOrientationLandscapeLeft UIInterfaceOrientationLandscapeRight";
				LD_RUNPATH_SEARCH_PATHS = (
					"$(inherited)",
					"@executable_path/Frameworks",
				);
				MARKETING_VERSION = 1.0;
				PRODUCT_BUNDLE_IDENTIFIER = com.nanda.ThreadsClone;
				PRODUCT_NAME = "$(TARGET_NAME)";
				SWIFT_EMIT_LOC_STRINGS = YES;
				SWIFT_VERSION = 5.0;
				TARGETED_DEVICE_FAMILY = "1,2";
			};
			name = Release;
		};
/* End XCBuildConfiguration section */

/* Begin XCConfigurationList section */
		16FAB4602B7757BE00D0375D /* Build configuration list for PBXProject "ThreadsClone" */ = {
			isa = XCConfigurationList;
			buildConfigurations = (
				16FAB4712B7757BF00D0375D /* Debug */,
				16FAB4722B7757BF00D0375D /* Release */,
			);
			defaultConfigurationIsVisible = 0;
			defaultConfigurationName = Release;
		};
		16FAB4732B7757BF00D0375D /* Build configuration list for PBXNativeTarget "ThreadsClone" */ = {
			isa = XCConfigurationList;
			buildConfigurations = (
				16FAB4742B7757BF00D0375D /* Debug */,
				16FAB4752B7757BF00D0375D /* Release */,
			);
			defaultConfigurationIsVisible = 0;
			defaultConfigurationName = Release;
		};
/* End XCConfigurationList section */

/* Begin XCRemoteSwiftPackageReference section */
		161FFE512B806B010039627C /* XCRemoteSwiftPackageReference "firebase-ios-sdk" */ = {
			isa = XCRemoteSwiftPackageReference;
			repositoryURL = "https://github.com/firebase/firebase-ios-sdk";
			requirement = {
				kind = upToNextMajorVersion;
				minimumVersion = 10.21.0;
			};
		};
/* End XCRemoteSwiftPackageReference section */

/* Begin XCSwiftPackageProductDependency section */
		161FFE522B806B010039627C /* FirebaseAnalytics */ = {
			isa = XCSwiftPackageProductDependency;
			package = 161FFE512B806B010039627C /* XCRemoteSwiftPackageReference "firebase-ios-sdk" */;
			productName = FirebaseAnalytics;
		};
		161FFE542B806B010039627C /* FirebaseAnalyticsOnDeviceConversion */ = {
			isa = XCSwiftPackageProductDependency;
			package = 161FFE512B806B010039627C /* XCRemoteSwiftPackageReference "firebase-ios-sdk" */;
			productName = FirebaseAnalyticsOnDeviceConversion;
		};
		161FFE562B806B010039627C /* FirebaseAnalyticsSwift */ = {
			isa = XCSwiftPackageProductDependency;
			package = 161FFE512B806B010039627C /* XCRemoteSwiftPackageReference "firebase-ios-sdk" */;
			productName = FirebaseAnalyticsSwift;
		};
		161FFE582B806B010039627C /* FirebaseAnalyticsWithoutAdIdSupport */ = {
			isa = XCSwiftPackageProductDependency;
			package = 161FFE512B806B010039627C /* XCRemoteSwiftPackageReference "firebase-ios-sdk" */;
			productName = FirebaseAnalyticsWithoutAdIdSupport;
		};
		161FFE5A2B806B010039627C /* FirebaseAppCheck */ = {
			isa = XCSwiftPackageProductDependency;
			package = 161FFE512B806B010039627C /* XCRemoteSwiftPackageReference "firebase-ios-sdk" */;
			productName = FirebaseAppCheck;
		};
		161FFE5C2B806B010039627C /* FirebaseAppDistribution-Beta */ = {
			isa = XCSwiftPackageProductDependency;
			package = 161FFE512B806B010039627C /* XCRemoteSwiftPackageReference "firebase-ios-sdk" */;
			productName = "FirebaseAppDistribution-Beta";
		};
		161FFE5E2B806B010039627C /* FirebaseAuth */ = {
			isa = XCSwiftPackageProductDependency;
			package = 161FFE512B806B010039627C /* XCRemoteSwiftPackageReference "firebase-ios-sdk" */;
			productName = FirebaseAuth;
		};
		161FFE602B806B010039627C /* FirebaseAuthCombine-Community */ = {
			isa = XCSwiftPackageProductDependency;
			package = 161FFE512B806B010039627C /* XCRemoteSwiftPackageReference "firebase-ios-sdk" */;
			productName = "FirebaseAuthCombine-Community";
		};
		161FFE622B806B010039627C /* FirebaseCrashlytics */ = {
			isa = XCSwiftPackageProductDependency;
			package = 161FFE512B806B010039627C /* XCRemoteSwiftPackageReference "firebase-ios-sdk" */;
			productName = FirebaseCrashlytics;
		};
		161FFE642B806B010039627C /* FirebaseDatabase */ = {
			isa = XCSwiftPackageProductDependency;
			package = 161FFE512B806B010039627C /* XCRemoteSwiftPackageReference "firebase-ios-sdk" */;
			productName = FirebaseDatabase;
		};
		161FFE662B806B010039627C /* FirebaseDatabaseSwift */ = {
			isa = XCSwiftPackageProductDependency;
			package = 161FFE512B806B010039627C /* XCRemoteSwiftPackageReference "firebase-ios-sdk" */;
			productName = FirebaseDatabaseSwift;
		};
		161FFE682B806B010039627C /* FirebaseDynamicLinks */ = {
			isa = XCSwiftPackageProductDependency;
			package = 161FFE512B806B010039627C /* XCRemoteSwiftPackageReference "firebase-ios-sdk" */;
			productName = FirebaseDynamicLinks;
		};
		161FFE6A2B806B010039627C /* FirebaseFirestore */ = {
			isa = XCSwiftPackageProductDependency;
			package = 161FFE512B806B010039627C /* XCRemoteSwiftPackageReference "firebase-ios-sdk" */;
			productName = FirebaseFirestore;
		};
		161FFE6C2B806B010039627C /* FirebaseFirestoreCombine-Community */ = {
			isa = XCSwiftPackageProductDependency;
			package = 161FFE512B806B010039627C /* XCRemoteSwiftPackageReference "firebase-ios-sdk" */;
			productName = "FirebaseFirestoreCombine-Community";
		};
		161FFE6E2B806B010039627C /* FirebaseFirestoreSwift */ = {
			isa = XCSwiftPackageProductDependency;
			package = 161FFE512B806B010039627C /* XCRemoteSwiftPackageReference "firebase-ios-sdk" */;
			productName = FirebaseFirestoreSwift;
		};
		161FFE702B806B010039627C /* FirebaseFunctions */ = {
			isa = XCSwiftPackageProductDependency;
			package = 161FFE512B806B010039627C /* XCRemoteSwiftPackageReference "firebase-ios-sdk" */;
			productName = FirebaseFunctions;
		};
		161FFE722B806B010039627C /* FirebaseFunctionsCombine-Community */ = {
			isa = XCSwiftPackageProductDependency;
			package = 161FFE512B806B010039627C /* XCRemoteSwiftPackageReference "firebase-ios-sdk" */;
			productName = "FirebaseFunctionsCombine-Community";
		};
		161FFE742B806B010039627C /* FirebaseInAppMessaging-Beta */ = {
			isa = XCSwiftPackageProductDependency;
			package = 161FFE512B806B010039627C /* XCRemoteSwiftPackageReference "firebase-ios-sdk" */;
			productName = "FirebaseInAppMessaging-Beta";
		};
		161FFE762B806B010039627C /* FirebaseInAppMessagingSwift-Beta */ = {
			isa = XCSwiftPackageProductDependency;
			package = 161FFE512B806B010039627C /* XCRemoteSwiftPackageReference "firebase-ios-sdk" */;
			productName = "FirebaseInAppMessagingSwift-Beta";
		};
		161FFE782B806B010039627C /* FirebaseInstallations */ = {
			isa = XCSwiftPackageProductDependency;
			package = 161FFE512B806B010039627C /* XCRemoteSwiftPackageReference "firebase-ios-sdk" */;
			productName = FirebaseInstallations;
		};
		161FFE7A2B806B010039627C /* FirebaseMLModelDownloader */ = {
			isa = XCSwiftPackageProductDependency;
			package = 161FFE512B806B010039627C /* XCRemoteSwiftPackageReference "firebase-ios-sdk" */;
			productName = FirebaseMLModelDownloader;
		};
		161FFE7C2B806B010039627C /* FirebaseMessaging */ = {
			isa = XCSwiftPackageProductDependency;
			package = 161FFE512B806B010039627C /* XCRemoteSwiftPackageReference "firebase-ios-sdk" */;
			productName = FirebaseMessaging;
		};
		161FFE7E2B806B010039627C /* FirebasePerformance */ = {
			isa = XCSwiftPackageProductDependency;
			package = 161FFE512B806B010039627C /* XCRemoteSwiftPackageReference "firebase-ios-sdk" */;
			productName = FirebasePerformance;
		};
		161FFE802B806B010039627C /* FirebaseRemoteConfig */ = {
			isa = XCSwiftPackageProductDependency;
			package = 161FFE512B806B010039627C /* XCRemoteSwiftPackageReference "firebase-ios-sdk" */;
			productName = FirebaseRemoteConfig;
		};
		161FFE822B806B010039627C /* FirebaseRemoteConfigSwift */ = {
			isa = XCSwiftPackageProductDependency;
			package = 161FFE512B806B010039627C /* XCRemoteSwiftPackageReference "firebase-ios-sdk" */;
			productName = FirebaseRemoteConfigSwift;
		};
		161FFE842B806B010039627C /* FirebaseStorage */ = {
			isa = XCSwiftPackageProductDependency;
			package = 161FFE512B806B010039627C /* XCRemoteSwiftPackageReference "firebase-ios-sdk" */;
			productName = FirebaseStorage;
		};
		161FFE862B806B010039627C /* FirebaseStorageCombine-Community */ = {
			isa = XCSwiftPackageProductDependency;
			package = 161FFE512B806B010039627C /* XCRemoteSwiftPackageReference "firebase-ios-sdk" */;
			productName = "FirebaseStorageCombine-Community";
		};
/* End XCSwiftPackageProductDependency section */
	};
	rootObject = 16FAB45D2B7757BE00D0375D /* Project object */;
}
